
Microsoft Visual Studio Solution File, Format Version 12.00
# Visual Studio Version 16
VisualStudioVersion = 16.0.29418.71
MinimumVisualStudioVersion = 10.0.40219.1
Project("{8BC9CEB8-8B4A-11D0-8D11-00A0C91BC942}") = "sdl-game", "sdl-game.vcxproj", "{883D1727-0BDA-47AF-8399-600CEFA64F07}"
EndProject
Global
	GlobalSection(SolutionConfigurationPlatforms) = preSolution
		Debug|x64 = Debug|x64
		Debug|x86 = Debug|x86
		Release|x64 = Release|x64
		Release|x86 = Release|x86
	EndGlobalSection
	GlobalSection(ProjectConfigurationPlatforms) = postSolution
		{883D1727-0BDA-47AF-8399-600CEFA64F07}.Debug|x64.ActiveCfg = Debug|x64
		{883D1727-0BDA-47AF-8399-600CEFA64F07}.Debug|x64.Build.0 = Debug|x64
		{883D1727-0BDA-47AF-8399-600CEFA64F07}.Debug|x86.ActiveCfg = Debug|Win32
		{883D1727-0BDA-47AF-8399-600CEFA64F07}.Debug|x86.Build.0 = Debug|Win32
		{883D1727-0BDA-47AF-8399-600CEFA64F07}.Release|x64.ActiveCfg = Release|x64
		{883D1727-0BDA-47AF-8399-600CEFA64F07}.Release|x64.Build.0 = Release|x64
		{883D1727-0BDA-47AF-8399-600CEFA64F07}.Release|x86.ActiveCfg = Release|Win32
		{883D1727-0BDA-47AF-8399-600CEFA64F07}.Release|x86.Build.0 = Release|Win32
	EndGlobalSection
	GlobalSection(SolutionProperties) = preSolution
		HideSolutionNode = FALSE
	EndGlobalSection
	GlobalSection(ExtensibilityGlobals) = postSolution
		SolutionGuid = {9377AD2D-007A-48BE-9880-6EAEEC8CF30B}
	EndGlobalSection
EndGlobal
